PODS:
  - LSSafeProtector (1.0.5):
    - LSSafeProtector/Core (= 1.0.5)
    - LSSafeProtector/Foundation (= 1.0.5)
    - LSSafeProtector/MRC (= 1.0.5)
  - LSSafeProtector/Core (1.0.5)
  - LSSafeProtector/Foundation (1.0.5):
    - LSSafeProtector/Core
  - LSSafeProtector/MRC (1.0.5):
    - LSSafeProtector/Core
    - LSSafeProtector/Foundation

DEPENDENCIES:
  - LSSafeProtector (from `../`)

EXTERNAL SOURCES:
  LSSafeProtector:
    :path: "../"

SPEC CHECKSUMS:
  LSSafeProtector: 504e5d1093a8e30bad5ac495dc373225fd1d9bcc

PODFILE CHECKSUM: 2a806222057633453c51305bb413d938fa954f24

COCOAPODS: 1.5.3
