PODS:
  - LSSafeProtector (1.0.4):
    - LSSafeProtector/Core (= 1.0.4)
    - LSSafeProtector/Foundation (= 1.0.4)
    - LSSafeProtector/MRC (= 1.0.4)
  - LSSafeProtector/Core (1.0.4)
  - LSSafeProtector/Foundation (1.0.4):
    - LSSafeProtector/Core
  - LSSafeProtector/MRC (1.0.4):
    - LSSafeProtector/Core

DEPENDENCIES:
  - LSSafeProtector (from `../`)

EXTERNAL SOURCES:
  LSSafeProtector:
    :path: "../"

SPEC CHECKSUMS:
  LSSafeProtector: 938c31d59f24ded380672a9b0fbff845ca10f3dc

PODFILE CHECKSUM: 2a806222057633453c51305bb413d938fa954f24

COCOAPODS: 1.5.3
