PODS:
  - LSSafeProtector (1.0.5):
    - LSSafeProtector/Foundation (= 1.0.5)
    - LSSafeProtector/MRC (= 1.0.5)
  - LSSafeProtector/Foundation (1.0.5)
  - LSSafeProtector/MRC (1.0.5):
    - LSSafeProtector/Foundation

DEPENDENCIES:
  - LSSafeProtector (from `../`)

EXTERNAL SOURCES:
  LSSafeProtector:
    :path: "../"

SPEC CHECKSUMS:
  LSSafeProtector: f40231c97a3325d01d0d14bb456de3b591a29866

PODFILE CHECKSUM: 2a806222057633453c51305bb413d938fa954f24

COCOAPODS: 1.5.3
